
Microsoft Visual Studio Solution File, Format Version 12.00
# Visual Studio Version 16
VisualStudioVersion = 16.0.31515.178
MinimumVisualStudioVersion = 10.0.40219.1
Project("{FAE04EC0-301F-11D3-BF4B-00C04F79EFBC}") = "stockTrackingAutomation", "stockTrackingAutomation\stockTrackingAutomation.csproj", "{77DE0E89-C6E6-4723-916B-AA0C0AD1F941}"
EndProject
Global
	GlobalSection(SolutionConfigurationPlatforms) = preSolution
		Debug|Any CPU = Debug|Any CPU
		Release|Any CPU = Release|Any CPU
	EndGlobalSection
	GlobalSection(ProjectConfigurationPlatforms) = postSolution
		{77DE0E89-C6E6-4723-916B-AA0C0AD1F941}.Debug|Any CPU.ActiveCfg = Debug|Any CPU
		{77DE0E89-C6E6-4723-916B-AA0C0AD1F941}.Debug|Any CPU.Build.0 = Debug|Any CPU
		{77DE0E89-C6E6-4723-916B-AA0C0AD1F941}.Release|Any CPU.ActiveCfg = Release|Any CPU
		{77DE0E89-C6E6-4723-916B-AA0C0AD1F941}.Release|Any CPU.Build.0 = Release|Any CPU
	EndGlobalSection
	GlobalSection(SolutionProperties) = preSolution
		HideSolutionNode = FALSE
	EndGlobalSection
	GlobalSection(ExtensibilityGlobals) = postSolution
		SolutionGuid = {33E3D8BE-4BD3-457B-B003-C7AE9A5EA79E}
	EndGlobalSection
EndGlobal
